
Microsoft Visual Studio Solution File, Format Version 12.00
# Visual Studio Version 17
VisualStudioVersion = 17.9.34902.65
MinimumVisualStudioVersion = 10.0.40219.1
Project("{FAE04EC0-301F-11D3-BF4B-00C04F79EFBC}") = "Uzduotis01", "Uzduotis01\Uzduotis01.csproj", "{E3CE98EF-C3D1-4FD7-BC16-50A3953335CC}"
EndProject
Project("{FAE04EC0-301F-11D3-BF4B-00C04F79EFBC}") = "Uzduotis02", "Uzduotis02\Uzduotis02.csproj", "{18533371-40EF-4545-8076-46F17D77A1CD}"
EndProject
Project("{FAE04EC0-301F-11D3-BF4B-00C04F79EFBC}") = "Uzduotis03", "Uzduotis03\Uzduotis03.csproj", "{908EC784-11CD-4FD7-B357-F16CE3AB1302}"
EndProject
Project("{FAE04EC0-301F-11D3-BF4B-00C04F79EFBC}") = "Uzduotis04", "Uzduotis04\Uzduotis04.csproj", "{BC9F2451-3AF0-4EBC-84C0-97B07C4555D5}"
EndProject
Project("{FAE04EC0-301F-11D3-BF4B-00C04F79EFBC}") = "Uzduotis05", "Uzduotis05\Uzduotis05.csproj", "{EB91C550-BAFA-4B59-9C5A-FAED71F4ED09}"
EndProject
Project("{FAE04EC0-301F-11D3-BF4B-00C04F79EFBC}") = "Uzduotis06", "Uzduotis06\Uzduotis06.csproj", "{CF2352C3-F11B-4B63-9C34-BF6F4CB0C107}"
EndProject
Project("{FAE04EC0-301F-11D3-BF4B-00C04F79EFBC}") = "Uzduotis07", "Uzduotis07\Uzduotis07.csproj", "{03E25532-F79B-4CAE-90F5-2AC8134C602B}"
EndProject
Global
	GlobalSection(SolutionConfigurationPlatforms) = preSolution
		Debug|Any CPU = Debug|Any CPU
		Release|Any CPU = Release|Any CPU
	EndGlobalSection
	GlobalSection(ProjectConfigurationPlatforms) = postSolution
		{E3CE98EF-C3D1-4FD7-BC16-50A3953335CC}.Debug|Any CPU.ActiveCfg = Debug|Any CPU
		{E3CE98EF-C3D1-4FD7-BC16-50A3953335CC}.Debug|Any CPU.Build.0 = Debug|Any CPU
		{E3CE98EF-C3D1-4FD7-BC16-50A3953335CC}.Release|Any CPU.ActiveCfg = Release|Any CPU
		{E3CE98EF-C3D1-4FD7-BC16-50A3953335CC}.Release|Any CPU.Build.0 = Release|Any CPU
		{18533371-40EF-4545-8076-46F17D77A1CD}.Debug|Any CPU.ActiveCfg = Debug|Any CPU
		{18533371-40EF-4545-8076-46F17D77A1CD}.Debug|Any CPU.Build.0 = Debug|Any CPU
		{18533371-40EF-4545-8076-46F17D77A1CD}.Release|Any CPU.ActiveCfg = Release|Any CPU
		{18533371-40EF-4545-8076-46F17D77A1CD}.Release|Any CPU.Build.0 = Release|Any CPU
		{908EC784-11CD-4FD7-B357-F16CE3AB1302}.Debug|Any CPU.ActiveCfg = Debug|Any CPU
		{908EC784-11CD-4FD7-B357-F16CE3AB1302}.Debug|Any CPU.Build.0 = Debug|Any CPU
		{908EC784-11CD-4FD7-B357-F16CE3AB1302}.Release|Any CPU.ActiveCfg = Release|Any CPU
		{908EC784-11CD-4FD7-B357-F16CE3AB1302}.Release|Any CPU.Build.0 = Release|Any CPU
		{BC9F2451-3AF0-4EBC-84C0-97B07C4555D5}.Debug|Any CPU.ActiveCfg = Debug|Any CPU
		{BC9F2451-3AF0-4EBC-84C0-97B07C4555D5}.Debug|Any CPU.Build.0 = Debug|Any CPU
		{BC9F2451-3AF0-4EBC-84C0-97B07C4555D5}.Release|Any CPU.ActiveCfg = Release|Any CPU
		{BC9F2451-3AF0-4EBC-84C0-97B07C4555D5}.Release|Any CPU.Build.0 = Release|Any CPU
		{EB91C550-BAFA-4B59-9C5A-FAED71F4ED09}.Debug|Any CPU.ActiveCfg = Debug|Any CPU
		{EB91C550-BAFA-4B59-9C5A-FAED71F4ED09}.Debug|Any CPU.Build.0 = Debug|Any CPU
		{EB91C550-BAFA-4B59-9C5A-FAED71F4ED09}.Release|Any CPU.ActiveCfg = Release|Any CPU
		{EB91C550-BAFA-4B59-9C5A-FAED71F4ED09}.Release|Any CPU.Build.0 = Release|Any CPU
		{CF2352C3-F11B-4B63-9C34-BF6F4CB0C107}.Debug|Any CPU.ActiveCfg = Debug|Any CPU
		{CF2352C3-F11B-4B63-9C34-BF6F4CB0C107}.Debug|Any CPU.Build.0 = Debug|Any CPU
		{CF2352C3-F11B-4B63-9C34-BF6F4CB0C107}.Release|Any CPU.ActiveCfg = Release|Any CPU
		{CF2352C3-F11B-4B63-9C34-BF6F4CB0C107}.Release|Any CPU.Build.0 = Release|Any CPU
		{03E25532-F79B-4CAE-90F5-2AC8134C602B}.Debug|Any CPU.ActiveCfg = Debug|Any CPU
		{03E25532-F79B-4CAE-90F5-2AC8134C602B}.Debug|Any CPU.Build.0 = Debug|Any CPU
		{03E25532-F79B-4CAE-90F5-2AC8134C602B}.Release|Any CPU.ActiveCfg = Release|Any CPU
		{03E25532-F79B-4CAE-90F5-2AC8134C602B}.Release|Any CPU.Build.0 = Release|Any CPU
	EndGlobalSection
	GlobalSection(SolutionProperties) = preSolution
		HideSolutionNode = FALSE
	EndGlobalSection
	GlobalSection(ExtensibilityGlobals) = postSolution
		SolutionGuid = {DD9C3F8D-E20D-491C-9DE0-97D71ABD94FD}
	EndGlobalSection
EndGlobal
